
Microsoft Visual Studio Solution File, Format Version 12.00
# Visual Studio 15
VisualStudioVersion = 15.0.28307.329
MinimumVisualStudioVersion = 10.0.40219.1
Project("{8BC9CEB8-8B4A-11D0-8D11-00A0C91BC942}") = "SDL Game", "SDL Game\SDL Game.vcxproj", "{C894E999-D80D-4E50-9ACF-B1069B474915}"
EndProject
Global
	GlobalSection(SolutionConfigurationPlatforms) = preSolution
		Debug|x64 = Debug|x64
		Debug|x86 = Debug|x86
		Release|x64 = Release|x64
		Release|x86 = Release|x86
	EndGlobalSection
	GlobalSection(ProjectConfigurationPlatforms) = postSolution
		{C894E999-D80D-4E50-9ACF-B1069B474915}.Debug|x64.ActiveCfg = Debug|x64
		{C894E999-D80D-4E50-9ACF-B1069B474915}.Debug|x64.Build.0 = Debug|x64
		{C894E999-D80D-4E50-9ACF-B1069B474915}.Debug|x86.ActiveCfg = Debug|Win32
		{C894E999-D80D-4E50-9ACF-B1069B474915}.Debug|x86.Build.0 = Debug|Win32
		{C894E999-D80D-4E50-9ACF-B1069B474915}.Release|x64.ActiveCfg = Release|x64
		{C894E999-D80D-4E50-9ACF-B1069B474915}.Release|x64.Build.0 = Release|x64
		{C894E999-D80D-4E50-9ACF-B1069B474915}.Release|x86.ActiveCfg = Release|Win32
		{C894E999-D80D-4E50-9ACF-B1069B474915}.Release|x86.Build.0 = Release|Win32
	EndGlobalSection
	GlobalSection(SolutionProperties) = preSolution
		HideSolutionNode = FALSE
	EndGlobalSection
	GlobalSection(ExtensibilityGlobals) = postSolution
		SolutionGuid = {917C14F1-6CF7-4AD8-9F99-5A1B5DF11BF9}
	EndGlobalSection
EndGlobal
